
Microsoft Visual Studio Solution File, Format Version 10.00
# Visual Studio 2008
Project("{FAE04EC0-301F-11D3-BF4B-00C04F79EFBC}") = "WindowsFormsApplication1", "WindowsFormsApplication1\WindowsFormsApplication1.csproj", "{64E9BF30-7C69-4CB1-8F07-16F655B48D79}"
EndProject
Project("{54435603-DBB4-11D2-8724-00A0C9A8B90C}") = "QLKHO", "QLKHO\QLKHO.vdproj", "{B66985D2-C3FB-4614-AC8A-3B6A91B0ED70}"
EndProject
Global
	GlobalSection(SolutionConfigurationPlatforms) = preSolution
		Debug|Any CPU = Debug|Any CPU
		Release|Any CPU = Release|Any CPU
	EndGlobalSection
	GlobalSection(ProjectConfigurationPlatforms) = postSolution
		{64E9BF30-7C69-4CB1-8F07-16F655B48D79}.Debug|Any CPU.ActiveCfg = Debug|Any CPU
		{64E9BF30-7C69-4CB1-8F07-16F655B48D79}.Debug|Any CPU.Build.0 = Debug|Any CPU
		{64E9BF30-7C69-4CB1-8F07-16F655B48D79}.Release|Any CPU.ActiveCfg = Release|Any CPU
		{64E9BF30-7C69-4CB1-8F07-16F655B48D79}.Release|Any CPU.Build.0 = Release|Any CPU
		{B66985D2-C3FB-4614-AC8A-3B6A91B0ED70}.Debug|Any CPU.ActiveCfg = Debug
		{B66985D2-C3FB-4614-AC8A-3B6A91B0ED70}.Release|Any CPU.ActiveCfg = Release
	EndGlobalSection
	GlobalSection(SolutionProperties) = preSolution
		HideSolutionNode = FALSE
	EndGlobalSection
EndGlobal
